
Microsoft Visual Studio Solution File, Format Version 12.00
# Visual Studio Version 16
VisualStudioVersion = 16.0.29728.190
MinimumVisualStudioVersion = 10.0.40219.1
Project("{FAE04EC0-301F-11D3-BF4B-00C04F79EFBC}") = "CustomListClass", "CustomListClass.csproj", "{9F0ED4F9-7B48-43DA-9B6A-DBAD9D663147}"
EndProject
Project("{FAE04EC0-301F-11D3-BF4B-00C04F79EFBC}") = "ListTestClass", "..\ListTestClass\ListTestClass.csproj", "{311E2E87-5AD3-48BA-A58A-85CB2F4E141F}"
EndProject
Global
	GlobalSection(SolutionConfigurationPlatforms) = preSolution
		Debug|Any CPU = Debug|Any CPU
		Release|Any CPU = Release|Any CPU
	EndGlobalSection
	GlobalSection(ProjectConfigurationPlatforms) = postSolution
		{9F0ED4F9-7B48-43DA-9B6A-DBAD9D663147}.Debug|Any CPU.ActiveCfg = Debug|Any CPU
		{9F0ED4F9-7B48-43DA-9B6A-DBAD9D663147}.Debug|Any CPU.Build.0 = Debug|Any CPU
		{9F0ED4F9-7B48-43DA-9B6A-DBAD9D663147}.Release|Any CPU.ActiveCfg = Release|Any CPU
		{9F0ED4F9-7B48-43DA-9B6A-DBAD9D663147}.Release|Any CPU.Build.0 = Release|Any CPU
		{311E2E87-5AD3-48BA-A58A-85CB2F4E141F}.Debug|Any CPU.ActiveCfg = Debug|Any CPU
		{311E2E87-5AD3-48BA-A58A-85CB2F4E141F}.Debug|Any CPU.Build.0 = Debug|Any CPU
		{311E2E87-5AD3-48BA-A58A-85CB2F4E141F}.Release|Any CPU.ActiveCfg = Release|Any CPU
		{311E2E87-5AD3-48BA-A58A-85CB2F4E141F}.Release|Any CPU.Build.0 = Release|Any CPU
	EndGlobalSection
	GlobalSection(SolutionProperties) = preSolution
		HideSolutionNode = FALSE
	EndGlobalSection
	GlobalSection(ExtensibilityGlobals) = postSolution
		SolutionGuid = {48386BE1-6500-4554-8733-EBF810F803C1}
	EndGlobalSection
EndGlobal
